
Microsoft Visual Studio Solution File, Format Version 12.00
# Visual Studio Version 17
VisualStudioVersion = 17.11.35312.102
MinimumVisualStudioVersion = 10.0.40219.1
Project("{FAE04EC0-301F-11D3-BF4B-00C04F79EFBC}") = "SmartHomeAlarmSystem_Task3", "SmartHomeAlarmSystem_Task3\SmartHomeAlarmSystem_Task3.csproj", "{A5F727C2-AB86-41EB-89EE-C00166AB7BF3}"
EndProject
Global
	GlobalSection(SolutionConfigurationPlatforms) = preSolution
		Debug|Any CPU = Debug|Any CPU
		Release|Any CPU = Release|Any CPU
	EndGlobalSection
	GlobalSection(ProjectConfigurationPlatforms) = postSolution
		{A5F727C2-AB86-41EB-89EE-C00166AB7BF3}.Debug|Any CPU.ActiveCfg = Debug|Any CPU
		{A5F727C2-AB86-41EB-89EE-C00166AB7BF3}.Debug|Any CPU.Build.0 = Debug|Any CPU
		{A5F727C2-AB86-41EB-89EE-C00166AB7BF3}.Release|Any CPU.ActiveCfg = Release|Any CPU
		{A5F727C2-AB86-41EB-89EE-C00166AB7BF3}.Release|Any CPU.Build.0 = Release|Any CPU
	EndGlobalSection
	GlobalSection(SolutionProperties) = preSolution
		HideSolutionNode = FALSE
	EndGlobalSection
	GlobalSection(ExtensibilityGlobals) = postSolution
		SolutionGuid = {15C774C8-4200-4EDB-ACD7-39E44CEE2533}
	EndGlobalSection
EndGlobal
